
Microsoft Visual Studio Solution File, Format Version 12.00
# Visual Studio Version 17
VisualStudioVersion = 17.0.31903.59
MinimumVisualStudioVersion = 10.0.40219.1
Project("{FAE04EC0-301F-11D3-BF4B-00C04F79EFBC}") = "SimLinker", "SimLinker.csproj", "{15D4C2EF-C3A5-447E-9B15-CAD12707B1F0}"
EndProject
Global
	GlobalSection(SolutionConfigurationPlatforms) = preSolution
		Debug|Any CPU = Debug|Any CPU
		Release|Any CPU = Release|Any CPU
	EndGlobalSection
	GlobalSection(SolutionProperties) = preSolution
		HideSolutionNode = FALSE
	EndGlobalSection
	GlobalSection(ProjectConfigurationPlatforms) = postSolution
		{15D4C2EF-C3A5-447E-9B15-CAD12707B1F0}.Debug|Any CPU.ActiveCfg = Debug|Any CPU
		{15D4C2EF-C3A5-447E-9B15-CAD12707B1F0}.Debug|Any CPU.Build.0 = Debug|Any CPU
		{15D4C2EF-C3A5-447E-9B15-CAD12707B1F0}.Release|Any CPU.ActiveCfg = Release|Any CPU
		{15D4C2EF-C3A5-447E-9B15-CAD12707B1F0}.Release|Any CPU.Build.0 = Release|Any CPU
	EndGlobalSection
EndGlobal
